
Microsoft Visual Studio Solution File, Format Version 12.00
# Visual Studio Version 17
VisualStudioVersion = 17.11.35312.102
MinimumVisualStudioVersion = 10.0.40219.1
Project("{2150E333-8FDC-42A3-9474-1A3956D46DE8}") = "src", "src", "{A45A70DD-A466-41C9-BAEA-F8E6090CC514}"
EndProject
Project("{2150E333-8FDC-42A3-9474-1A3956D46DE8}") = "apps", "apps", "{76ADEED5-41D3-4702-82CE-AD1457D0234D}"
EndProject
Project("{2150E333-8FDC-42A3-9474-1A3956D46DE8}") = "Comum", "Comum", "{49C3C1C8-4D5C-4664-A164-1316FFA6D133}"
EndProject
Project("{2150E333-8FDC-42A3-9474-1A3956D46DE8}") = "tests", "tests", "{CF9B324F-6914-4595-BD22-A67FE72AB0D6}"
EndProject
Project("{FAE04EC0-301F-11D3-BF4B-00C04F79EFBC}") = "Cliente.API", "Cliente.API\Cliente.API.csproj", "{3156D8C0-D15A-E096-1BDA-9F9E3F4F7D1E}"
EndProject
Project("{FAE04EC0-301F-11D3-BF4B-00C04F79EFBC}") = "Cliente.Aplication", "Cliente.Aplication\Cliente.Aplication.csproj", "{960004F8-241A-C9CD-C86D-C2CE3ACB044B}"
EndProject
Project("{FAE04EC0-301F-11D3-BF4B-00C04F79EFBC}") = "Cliente.Contracts", "Cliente.Contracts\Cliente.Contracts.csproj", "{BC7BCBB1-A4C3-C1FE-6BCD-AE5FCF3975D5}"
EndProject
Project("{FAE04EC0-301F-11D3-BF4B-00C04F79EFBC}") = "Cliente.Domain", "Cliente.Domain\Cliente.Domain.csproj", "{58CADDA0-6A37-89E5-9F12-B04F00AE76C8}"
EndProject
Project("{FAE04EC0-301F-11D3-BF4B-00C04F79EFBC}") = "Cliente.Intrastruture", "Cliente.Intrastruture\Cliente.Intrastruture.csproj", "{C88B27EF-F297-9FAB-1A3E-1781C7796CCB}"
EndProject
Project("{FAE04EC0-301F-11D3-BF4B-00C04F79EFBC}") = "Cliente.Migrations", "Cliente.Migrations\Cliente.Migrations.csproj", "{0BC2AC64-E2BA-2BCB-A029-2D2D4CA970B0}"
EndProject
Global
	GlobalSection(SolutionConfigurationPlatforms) = preSolution
		Debug|Any CPU = Debug|Any CPU
		Release|Any CPU = Release|Any CPU
	EndGlobalSection
	GlobalSection(ProjectConfigurationPlatforms) = postSolution
		{3156D8C0-D15A-E096-1BDA-9F9E3F4F7D1E}.Debug|Any CPU.ActiveCfg = Debug|Any CPU
		{3156D8C0-D15A-E096-1BDA-9F9E3F4F7D1E}.Debug|Any CPU.Build.0 = Debug|Any CPU
		{3156D8C0-D15A-E096-1BDA-9F9E3F4F7D1E}.Release|Any CPU.ActiveCfg = Release|Any CPU
		{3156D8C0-D15A-E096-1BDA-9F9E3F4F7D1E}.Release|Any CPU.Build.0 = Release|Any CPU
		{960004F8-241A-C9CD-C86D-C2CE3ACB044B}.Debug|Any CPU.ActiveCfg = Debug|Any CPU
		{960004F8-241A-C9CD-C86D-C2CE3ACB044B}.Debug|Any CPU.Build.0 = Debug|Any CPU
		{960004F8-241A-C9CD-C86D-C2CE3ACB044B}.Release|Any CPU.ActiveCfg = Release|Any CPU
		{960004F8-241A-C9CD-C86D-C2CE3ACB044B}.Release|Any CPU.Build.0 = Release|Any CPU
		{BC7BCBB1-A4C3-C1FE-6BCD-AE5FCF3975D5}.Debug|Any CPU.ActiveCfg = Debug|Any CPU
		{BC7BCBB1-A4C3-C1FE-6BCD-AE5FCF3975D5}.Debug|Any CPU.Build.0 = Debug|Any CPU
		{BC7BCBB1-A4C3-C1FE-6BCD-AE5FCF3975D5}.Release|Any CPU.ActiveCfg = Release|Any CPU
		{BC7BCBB1-A4C3-C1FE-6BCD-AE5FCF3975D5}.Release|Any CPU.Build.0 = Release|Any CPU
		{58CADDA0-6A37-89E5-9F12-B04F00AE76C8}.Debug|Any CPU.ActiveCfg = Debug|Any CPU
		{58CADDA0-6A37-89E5-9F12-B04F00AE76C8}.Debug|Any CPU.Build.0 = Debug|Any CPU
		{58CADDA0-6A37-89E5-9F12-B04F00AE76C8}.Release|Any CPU.ActiveCfg = Release|Any CPU
		{58CADDA0-6A37-89E5-9F12-B04F00AE76C8}.Release|Any CPU.Build.0 = Release|Any CPU
		{C88B27EF-F297-9FAB-1A3E-1781C7796CCB}.Debug|Any CPU.ActiveCfg = Debug|Any CPU
		{C88B27EF-F297-9FAB-1A3E-1781C7796CCB}.Debug|Any CPU.Build.0 = Debug|Any CPU
		{C88B27EF-F297-9FAB-1A3E-1781C7796CCB}.Release|Any CPU.ActiveCfg = Release|Any CPU
		{C88B27EF-F297-9FAB-1A3E-1781C7796CCB}.Release|Any CPU.Build.0 = Release|Any CPU
		{0BC2AC64-E2BA-2BCB-A029-2D2D4CA970B0}.Debug|Any CPU.ActiveCfg = Debug|Any CPU
		{0BC2AC64-E2BA-2BCB-A029-2D2D4CA970B0}.Debug|Any CPU.Build.0 = Debug|Any CPU
		{0BC2AC64-E2BA-2BCB-A029-2D2D4CA970B0}.Release|Any CPU.ActiveCfg = Release|Any CPU
		{0BC2AC64-E2BA-2BCB-A029-2D2D4CA970B0}.Release|Any CPU.Build.0 = Release|Any CPU
	EndGlobalSection
	GlobalSection(SolutionProperties) = preSolution
		HideSolutionNode = FALSE
	EndGlobalSection
	GlobalSection(NestedProjects) = preSolution
		{76ADEED5-41D3-4702-82CE-AD1457D0234D} = {A45A70DD-A466-41C9-BAEA-F8E6090CC514}
		{49C3C1C8-4D5C-4664-A164-1316FFA6D133} = {A45A70DD-A466-41C9-BAEA-F8E6090CC514}
		{CF9B324F-6914-4595-BD22-A67FE72AB0D6} = {A45A70DD-A466-41C9-BAEA-F8E6090CC514}
		{3156D8C0-D15A-E096-1BDA-9F9E3F4F7D1E} = {76ADEED5-41D3-4702-82CE-AD1457D0234D}
		{960004F8-241A-C9CD-C86D-C2CE3ACB044B} = {49C3C1C8-4D5C-4664-A164-1316FFA6D133}
		{BC7BCBB1-A4C3-C1FE-6BCD-AE5FCF3975D5} = {49C3C1C8-4D5C-4664-A164-1316FFA6D133}
		{58CADDA0-6A37-89E5-9F12-B04F00AE76C8} = {49C3C1C8-4D5C-4664-A164-1316FFA6D133}
		{C88B27EF-F297-9FAB-1A3E-1781C7796CCB} = {49C3C1C8-4D5C-4664-A164-1316FFA6D133}
		{0BC2AC64-E2BA-2BCB-A029-2D2D4CA970B0} = {49C3C1C8-4D5C-4664-A164-1316FFA6D133}
	EndGlobalSection
	GlobalSection(ExtensibilityGlobals) = postSolution
		SolutionGuid = {FC198FBA-33BB-49AB-B5DC-350DF05B63F6}
	EndGlobalSection
EndGlobal
